
Microsoft Visual Studio Solution File, Format Version 12.00
# Visual Studio Version 16
VisualStudioVersion = 16.0.29215.179
MinimumVisualStudioVersion = 10.0.40219.1
Project("{FAE04EC0-301F-11D3-BF4B-00C04F79EFBC}") = "BecerraEstevan_Assignment 081", "BecerraEstevan_Assignment 081.csproj", "{8CD81662-DF61-4E9A-83F1-EB8BD0711D09}"
EndProject
Global
	GlobalSection(SolutionConfigurationPlatforms) = preSolution
		Debug|Any CPU = Debug|Any CPU
		Release|Any CPU = Release|Any CPU
	EndGlobalSection
	GlobalSection(ProjectConfigurationPlatforms) = postSolution
		{8CD81662-DF61-4E9A-83F1-EB8BD0711D09}.Debug|Any CPU.ActiveCfg = Debug|Any CPU
		{8CD81662-DF61-4E9A-83F1-EB8BD0711D09}.Debug|Any CPU.Build.0 = Debug|Any CPU
		{8CD81662-DF61-4E9A-83F1-EB8BD0711D09}.Release|Any CPU.ActiveCfg = Release|Any CPU
		{8CD81662-DF61-4E9A-83F1-EB8BD0711D09}.Release|Any CPU.Build.0 = Release|Any CPU
	EndGlobalSection
	GlobalSection(SolutionProperties) = preSolution
		HideSolutionNode = FALSE
	EndGlobalSection
	GlobalSection(ExtensibilityGlobals) = postSolution
		SolutionGuid = {BBCDB183-C5CE-4976-961F-27C58CFA3248}
	EndGlobalSection
EndGlobal
